// !$*UTF8*$!
{
	archiveVersion = 1;
	classes = {
	};
	objectVersion = 50;
	objects = {

/* Begin PBXBuildFile section */
		F20CBCF22537030300E6D4A9 /* Reach.swift in Sources */ = {isa = PBXBuildFile; fileRef = F20CBCF12537030300E6D4A9 /* Reach.swift */; };
		F20CBCF42537033000E6D4A9 /* MyModel in Resources */ = {isa = PBXBuildFile; fileRef = F20CBCF32537033000E6D4A9 /* MyModel */; };
		F20CBCF62537073200E6D4A9 /* RequestFactory.swift in Sources */ = {isa = PBXBuildFile; fileRef = F20CBCF52537073200E6D4A9 /* RequestFactory.swift */; };
		F20CBCFA253729C800E6D4A9 /* facts.json in Resources */ = {isa = PBXBuildFile; fileRef = F20CBCF9253729C800E6D4A9 /* facts.json */; };
		F27D6ED7253065FE000B7FCC /* AppDelegate.swift in Sources */ = {isa = PBXBuildFile; fileRef = F27D6ED6253065FE000B7FCC /* AppDelegate.swift */; };
		F27D6ED9253065FE000B7FCC /* SceneDelegate.swift in Sources */ = {isa = PBXBuildFile; fileRef = F27D6ED8253065FE000B7FCC /* SceneDelegate.swift */; };
		F27D6EDB253065FE000B7FCC /* FactsViewController.swift in Sources */ = {isa = PBXBuildFile; fileRef = F27D6EDA253065FE000B7FCC /* FactsViewController.swift */; };
		F27D6EE025306607000B7FCC /* Assets.xcassets in Resources */ = {isa = PBXBuildFile; fileRef = F27D6EDF25306607000B7FCC /* Assets.xcassets */; };
		F27D6EE325306607000B7FCC /* LaunchScreen.storyboard in Resources */ = {isa = PBXBuildFile; fileRef = F27D6EE125306607000B7FCC /* LaunchScreen.storyboard */; };
		F27D6EEE25306608000B7FCC /* FactsDemo_InfyAppTests.swift in Sources */ = {isa = PBXBuildFile; fileRef = F27D6EED25306608000B7FCC /* FactsDemo_InfyAppTests.swift */; };
		F27D6EFC2531A1B8000B7FCC /* FactsTableViewCell.swift in Sources */ = {isa = PBXBuildFile; fileRef = F27D6EFB2531A1B8000B7FCC /* FactsTableViewCell.swift */; };
		F27D6EFF25321A19000B7FCC /* UITableViewExtension.swift in Sources */ = {isa = PBXBuildFile; fileRef = F27D6EFE25321A19000B7FCC /* UITableViewExtension.swift */; };
		F27D6F0125321AF9000B7FCC /* ReusableView.swift in Sources */ = {isa = PBXBuildFile; fileRef = F27D6F0025321AF9000B7FCC /* ReusableView.swift */; };
		F27D6F0925330B14000B7FCC /* FactsViewModel.swift in Sources */ = {isa = PBXBuildFile; fileRef = F27D6F0825330B14000B7FCC /* FactsViewModel.swift */; };
		F27D7047253449FF000B7FCC /* HTTPManager.swift in Sources */ = {isa = PBXBuildFile; fileRef = F27D7046253449FF000B7FCC /* HTTPManager.swift */; };
		F27D70492534573D000B7FCC /* ConstantsAPI.swift in Sources */ = {isa = PBXBuildFile; fileRef = F27D70482534573D000B7FCC /* ConstantsAPI.swift */; };
		F27D704C2535890E000B7FCC /* Row.swift in Sources */ = {isa = PBXBuildFile; fileRef = F27D704A2535890E000B7FCC /* Row.swift */; };
		F27D704D2535890E000B7FCC /* Fact.swift in Sources */ = {isa = PBXBuildFile; fileRef = F27D704B2535890E000B7FCC /* Fact.swift */; };
		F27D704F2535BBD4000B7FCC /* ImageHelper.swift in Sources */ = {isa = PBXBuildFile; fileRef = F27D704E2535BBD4000B7FCC /* ImageHelper.swift */; };
		F27D70512535BC0E000B7FCC /* ImageManager.swift in Sources */ = {isa = PBXBuildFile; fileRef = F27D70502535BC0E000B7FCC /* ImageManager.swift */; };
		F27D70572536E778000B7FCC /* UIViewController+Extension.swift in Sources */ = {isa = PBXBuildFile; fileRef = F27D70562536E778000B7FCC /* UIViewController+Extension.swift */; };
/* End PBXBuildFile section */

/* Begin PBXContainerItemProxy section */
		F27D6EEA25306608000B7FCC /* PBXContainerItemProxy */ = {
			isa = PBXContainerItemProxy;
			containerPortal = F27D6ECB253065FE000B7FCC /* Project object */;
			proxyType = 1;
			remoteGlobalIDString = F27D6ED2253065FE000B7FCC;
			remoteInfo = FactsDemo_InfyApp;
		};
/* End PBXContainerItemProxy section */

/* Begin PBXFileReference section */
		F20CBCF12537030300E6D4A9 /* Reach.swift */ = {isa = PBXFileReference; fileEncoding = 4; lastKnownFileType = sourcecode.swift; path = Reach.swift; sourceTree = "<group>"; };
		F20CBCF32537033000E6D4A9 /* MyModel */ = {isa = PBXFileReference; lastKnownFileType = folder; path = MyModel; sourceTree = "<group>"; };
		F20CBCF52537073200E6D4A9 /* RequestFactory.swift */ = {isa = PBXFileReference; fileEncoding = 4; lastKnownFileType = sourcecode.swift; path = RequestFactory.swift; sourceTree = "<group>"; };
		F20CBCF9253729C800E6D4A9 /* facts.json */ = {isa = PBXFileReference; fileEncoding = 4; lastKnownFileType = text.json; path = facts.json; sourceTree = "<group>"; };
		F27D6ED3253065FE000B7FCC /* Facts App.app */ = {isa = PBXFileReference; explicitFileType = wrapper.application; includeInIndex = 0; path = "Facts App.app"; sourceTree = BUILT_PRODUCTS_DIR; };
		F27D6ED6253065FE000B7FCC /* AppDelegate.swift */ = {isa = PBXFileReference; lastKnownFileType = sourcecode.swift; path = AppDelegate.swift; sourceTree = "<group>"; };
		F27D6ED8253065FE000B7FCC /* SceneDelegate.swift */ = {isa = PBXFileReference; lastKnownFileType = sourcecode.swift; path = SceneDelegate.swift; sourceTree = "<group>"; };
		F27D6EDA253065FE000B7FCC /* FactsViewController.swift */ = {isa = PBXFileReference; lastKnownFileType = sourcecode.swift; path = FactsViewController.swift; sourceTree = "<group>"; };
		F27D6EDF25306607000B7FCC /* Assets.xcassets */ = {isa = PBXFileReference; lastKnownFileType = folder.assetcatalog; path = Assets.xcassets; sourceTree = "<group>"; };
		F27D6EE225306607000B7FCC /* Base */ = {isa = PBXFileReference; lastKnownFileType = file.storyboard; name = Base; path = Base.lproj/LaunchScreen.storyboard; sourceTree = "<group>"; };
		F27D6EE425306607000B7FCC /* Info.plist */ = {isa = PBXFileReference; lastKnownFileType = text.plist.xml; path = Info.plist; sourceTree = "<group>"; };
		F27D6EE925306608000B7FCC /* FactsDemo_InfyAppTests.xctest */ = {isa = PBXFileReference; explicitFileType = wrapper.cfbundle; includeInIndex = 0; path = FactsDemo_InfyAppTests.xctest; sourceTree = BUILT_PRODUCTS_DIR; };
		F27D6EED25306608000B7FCC /* FactsDemo_InfyAppTests.swift */ = {isa = PBXFileReference; lastKnownFileType = sourcecode.swift; path = FactsDemo_InfyAppTests.swift; sourceTree = "<group>"; };
		F27D6EEF25306608000B7FCC /* Info.plist */ = {isa = PBXFileReference; lastKnownFileType = text.plist.xml; path = Info.plist; sourceTree = "<group>"; };
		F27D6EFB2531A1B8000B7FCC /* FactsTableViewCell.swift */ = {isa = PBXFileReference; lastKnownFileType = sourcecode.swift; path = FactsTableViewCell.swift; sourceTree = "<group>"; };
		F27D6EFE25321A19000B7FCC /* UITableViewExtension.swift */ = {isa = PBXFileReference; lastKnownFileType = sourcecode.swift; path = UITableViewExtension.swift; sourceTree = "<group>"; };
		F27D6F0025321AF9000B7FCC /* ReusableView.swift */ = {isa = PBXFileReference; lastKnownFileType = sourcecode.swift; path = ReusableView.swift; sourceTree = "<group>"; };
		F27D6F0825330B14000B7FCC /* FactsViewModel.swift */ = {isa = PBXFileReference; lastKnownFileType = sourcecode.swift; path = FactsViewModel.swift; sourceTree = "<group>"; };
		F27D7046253449FF000B7FCC /* HTTPManager.swift */ = {isa = PBXFileReference; lastKnownFileType = sourcecode.swift; path = HTTPManager.swift; sourceTree = "<group>"; };
		F27D70482534573D000B7FCC /* ConstantsAPI.swift */ = {isa = PBXFileReference; lastKnownFileType = sourcecode.swift; path = ConstantsAPI.swift; sourceTree = "<group>"; };
		F27D704A2535890E000B7FCC /* Row.swift */ = {isa = PBXFileReference; fileEncoding = 4; lastKnownFileType = sourcecode.swift; path = Row.swift; sourceTree = "<group>"; };
		F27D704B2535890E000B7FCC /* Fact.swift */ = {isa = PBXFileReference; fileEncoding = 4; lastKnownFileType = sourcecode.swift; path = Fact.swift; sourceTree = "<group>"; };
		F27D704E2535BBD4000B7FCC /* ImageHelper.swift */ = {isa = PBXFileReference; fileEncoding = 4; lastKnownFileType = sourcecode.swift; path = ImageHelper.swift; sourceTree = "<group>"; };
		F27D70502535BC0E000B7FCC /* ImageManager.swift */ = {isa = PBXFileReference; fileEncoding = 4; lastKnownFileType = sourcecode.swift; path = ImageManager.swift; sourceTree = "<group>"; };
		F27D70562536E778000B7FCC /* UIViewController+Extension.swift */ = {isa = PBXFileReference; lastKnownFileType = sourcecode.swift; path = "UIViewController+Extension.swift"; sourceTree = "<group>"; };
/* End PBXFileReference section */

/* Begin PBXFrameworksBuildPhase section */
		F27D6ED0253065FE000B7FCC /* Frameworks */ = {
			isa = PBXFrameworksBuildPhase;
			buildActionMask = 2147483647;
			files = (
			);
			runOnlyForDeploymentPostprocessing = 0;
		};
		F27D6EE625306608000B7FCC /* Frameworks */ = {
			isa = PBXFrameworksBuildPhase;
			buildActionMask = 2147483647;
			files = (
			);
			runOnlyForDeploymentPostprocessing = 0;
		};
/* End PBXFrameworksBuildPhase section */

/* Begin PBXGroup section */
		F20CBCF82537298600E6D4A9 /* Mocks */ = {
			isa = PBXGroup;
			children = (
				F20CBCF9253729C800E6D4A9 /* facts.json */,
			);
			path = Mocks;
			sourceTree = "<group>";
		};
		F27D6ECA253065FE000B7FCC = {
			isa = PBXGroup;
			children = (
				F27D6ED5253065FE000B7FCC /* FactsDemo_InfyApp */,
				F27D6EEC25306608000B7FCC /* FactsDemo_InfyAppTests */,
				F27D6ED4253065FE000B7FCC /* Products */,
			);
			sourceTree = "<group>";
		};
		F27D6ED4253065FE000B7FCC /* Products */ = {
			isa = PBXGroup;
			children = (
				F27D6ED3253065FE000B7FCC /* Facts App.app */,
				F27D6EE925306608000B7FCC /* FactsDemo_InfyAppTests.xctest */,
			);
			name = Products;
			sourceTree = "<group>";
		};
		F27D6ED5253065FE000B7FCC /* FactsDemo_InfyApp */ = {
			isa = PBXGroup;
			children = (
				F27D703725331C83000B7FCC /* Utility */,
				F27D6F9425330C98000B7FCC /* Services */,
				F27D6EF925306E9E000B7FCC /* Delegate */,
				F27D6EFD253219F0000B7FCC /* Extensions */,
				F27D6F022532F256000B7FCC /* ViewModels */,
				F27D6EFA2531A12E000B7FCC /* View */,
				F27D6F052532F41F000B7FCC /* Models */,
				F27D6EF825306E8A000B7FCC /* ViewController */,
				F27D6EDF25306607000B7FCC /* Assets.xcassets */,
				F27D6EE125306607000B7FCC /* LaunchScreen.storyboard */,
				F27D6EE425306607000B7FCC /* Info.plist */,
			);
			path = FactsDemo_InfyApp;
			sourceTree = "<group>";
		};
		F27D6EEC25306608000B7FCC /* FactsDemo_InfyAppTests */ = {
			isa = PBXGroup;
			children = (
				F20CBCF82537298600E6D4A9 /* Mocks */,
				F27D6EED25306608000B7FCC /* FactsDemo_InfyAppTests.swift */,
				F27D6EEF25306608000B7FCC /* Info.plist */,
			);
			path = FactsDemo_InfyAppTests;
			sourceTree = "<group>";
		};
		F27D6EF825306E8A000B7FCC /* ViewController */ = {
			isa = PBXGroup;
			children = (
				F27D6EDA253065FE000B7FCC /* FactsViewController.swift */,
			);
			path = ViewController;
			sourceTree = "<group>";
		};
		F27D6EF925306E9E000B7FCC /* Delegate */ = {
			isa = PBXGroup;
			children = (
				F27D6ED6253065FE000B7FCC /* AppDelegate.swift */,
				F27D6ED8253065FE000B7FCC /* SceneDelegate.swift */,
			);
			path = Delegate;
			sourceTree = "<group>";
		};
		F27D6EFA2531A12E000B7FCC /* View */ = {
			isa = PBXGroup;
			children = (
				F27D6EFB2531A1B8000B7FCC /* FactsTableViewCell.swift */,
				F27D6F0025321AF9000B7FCC /* ReusableView.swift */,
			);
			path = View;
			sourceTree = "<group>";
		};
		F27D6EFD253219F0000B7FCC /* Extensions */ = {
			isa = PBXGroup;
			children = (
				F27D6EFE25321A19000B7FCC /* UITableViewExtension.swift */,
				F27D70562536E778000B7FCC /* UIViewController+Extension.swift */,
			);
			path = Extensions;
			sourceTree = "<group>";
		};
		F27D6F022532F256000B7FCC /* ViewModels */ = {
			isa = PBXGroup;
			children = (
				F27D6F0825330B14000B7FCC /* FactsViewModel.swift */,
			);
			path = ViewModels;
			sourceTree = "<group>";
		};
		F27D6F052532F41F000B7FCC /* Models */ = {
			isa = PBXGroup;
			children = (
				F27D704B2535890E000B7FCC /* Fact.swift */,
				F27D704A2535890E000B7FCC /* Row.swift */,
			);
			path = Models;
			sourceTree = "<group>";
		};
		F27D6F9425330C98000B7FCC /* Services */ = {
			isa = PBXGroup;
			children = (
				F27D7046253449FF000B7FCC /* HTTPManager.swift */,
				F27D70502535BC0E000B7FCC /* ImageManager.swift */,
			);
			path = Services;
			sourceTree = "<group>";
		};
		F27D703725331C83000B7FCC /* Utility */ = {
			isa = PBXGroup;
			children = (
				F27D70482534573D000B7FCC /* ConstantsAPI.swift */,
				F27D704E2535BBD4000B7FCC /* ImageHelper.swift */,
				F20CBCF12537030300E6D4A9 /* Reach.swift */,
				F20CBCF52537073200E6D4A9 /* RequestFactory.swift */,
				F20CBCF32537033000E6D4A9 /* MyModel */,
			);
			path = Utility;
			sourceTree = "<group>";
		};
/* End PBXGroup section */

/* Begin PBXNativeTarget section */
		F27D6ED2253065FE000B7FCC /* FactsDemo_InfyApp */ = {
			isa = PBXNativeTarget;
			buildConfigurationList = F27D6EF225306608000B7FCC /* Build configuration list for PBXNativeTarget "FactsDemo_InfyApp" */;
			buildPhases = (
				F27D6ECF253065FE000B7FCC /* Sources */,
				F27D6ED0253065FE000B7FCC /* Frameworks */,
				F27D6ED1253065FE000B7FCC /* Resources */,
			);
			buildRules = (
			);
			dependencies = (
			);
			name = FactsDemo_InfyApp;
			productName = FactsDemo_InfyApp;
			productReference = F27D6ED3253065FE000B7FCC /* Facts App.app */;
			productType = "com.apple.product-type.application";
		};
		F27D6EE825306608000B7FCC /* FactsDemo_InfyAppTests */ = {
			isa = PBXNativeTarget;
			buildConfigurationList = F27D6EF525306608000B7FCC /* Build configuration list for PBXNativeTarget "FactsDemo_InfyAppTests" */;
			buildPhases = (
				F27D6EE525306608000B7FCC /* Sources */,
				F27D6EE625306608000B7FCC /* Frameworks */,
				F27D6EE725306608000B7FCC /* Resources */,
			);
			buildRules = (
			);
			dependencies = (
				F27D6EEB25306608000B7FCC /* PBXTargetDependency */,
			);
			name = FactsDemo_InfyAppTests;
			productName = FactsDemo_InfyAppTests;
			productReference = F27D6EE925306608000B7FCC /* FactsDemo_InfyAppTests.xctest */;
			productType = "com.apple.product-type.bundle.unit-test";
		};
/* End PBXNativeTarget section */

/* Begin PBXProject section */
		F27D6ECB253065FE000B7FCC /* Project object */ = {
			isa = PBXProject;
			attributes = {
				LastSwiftUpdateCheck = 1150;
				LastUpgradeCheck = 1150;
				ORGANIZATIONNAME = FactsDemo_InfyApp;
				TargetAttributes = {
					F27D6ED2253065FE000B7FCC = {
						CreatedOnToolsVersion = 11.5;
					};
					F27D6EE825306608000B7FCC = {
						CreatedOnToolsVersion = 11.5;
						TestTargetID = F27D6ED2253065FE000B7FCC;
					};
				};
			};
			buildConfigurationList = F27D6ECE253065FE000B7FCC /* Build configuration list for PBXProject "FactsDemo_InfyApp" */;
			compatibilityVersion = "Xcode 9.3";
			developmentRegion = en;
			hasScannedForEncodings = 0;
			knownRegions = (
				en,
				Base,
			);
			mainGroup = F27D6ECA253065FE000B7FCC;
			productRefGroup = F27D6ED4253065FE000B7FCC /* Products */;
			projectDirPath = "";
			projectRoot = "";
			targets = (
				F27D6ED2253065FE000B7FCC /* FactsDemo_InfyApp */,
				F27D6EE825306608000B7FCC /* FactsDemo_InfyAppTests */,
			);
		};
/* End PBXProject section */

/* Begin PBXResourcesBuildPhase section */
		F27D6ED1253065FE000B7FCC /* Resources */ = {
			isa = PBXResourcesBuildPhase;
			buildActionMask = 2147483647;
			files = (
				F20CBCF42537033000E6D4A9 /* MyModel in Resources */,
				F27D6EE325306607000B7FCC /* LaunchScreen.storyboard in Resources */,
				F27D6EE025306607000B7FCC /* Assets.xcassets in Resources */,
			);
			runOnlyForDeploymentPostprocessing = 0;
		};
		F27D6EE725306608000B7FCC /* Resources */ = {
			isa = PBXResourcesBuildPhase;
			buildActionMask = 2147483647;
			files = (
				F20CBCFA253729C800E6D4A9 /* facts.json in Resources */,
			);
			runOnlyForDeploymentPostprocessing = 0;
		};
/* End PBXResourcesBuildPhase section */

/* Begin PBXSourcesBuildPhase section */
		F27D6ECF253065FE000B7FCC /* Sources */ = {
			isa = PBXSourcesBuildPhase;
			buildActionMask = 2147483647;
			files = (
				F20CBCF62537073200E6D4A9 /* RequestFactory.swift in Sources */,
				F27D70572536E778000B7FCC /* UIViewController+Extension.swift in Sources */,
				F27D6EDB253065FE000B7FCC /* FactsViewController.swift in Sources */,
				F27D70492534573D000B7FCC /* ConstantsAPI.swift in Sources */,
				F27D7047253449FF000B7FCC /* HTTPManager.swift in Sources */,
				F27D704D2535890E000B7FCC /* Fact.swift in Sources */,
				F27D6EFF25321A19000B7FCC /* UITableViewExtension.swift in Sources */,
				F27D6ED7253065FE000B7FCC /* AppDelegate.swift in Sources */,
				F20CBCF22537030300E6D4A9 /* Reach.swift in Sources */,
				F27D6F0925330B14000B7FCC /* FactsViewModel.swift in Sources */,
				F27D704C2535890E000B7FCC /* Row.swift in Sources */,
				F27D6F0125321AF9000B7FCC /* ReusableView.swift in Sources */,
				F27D6ED9253065FE000B7FCC /* SceneDelegate.swift in Sources */,
				F27D6EFC2531A1B8000B7FCC /* FactsTableViewCell.swift in Sources */,
				F27D704F2535BBD4000B7FCC /* ImageHelper.swift in Sources */,
				F27D70512535BC0E000B7FCC /* ImageManager.swift in Sources */,
			);
			runOnlyForDeploymentPostprocessing = 0;
		};
		F27D6EE525306608000B7FCC /* Sources */ = {
			isa = PBXSourcesBuildPhase;
			buildActionMask = 2147483647;
			files = (
				F27D6EEE25306608000B7FCC /* FactsDemo_InfyAppTests.swift in Sources */,
			);
			runOnlyForDeploymentPostprocessing = 0;
		};
/* End PBXSourcesBuildPhase section */

/* Begin PBXTargetDependency section */
		F27D6EEB25306608000B7FCC /* PBXTargetDependency */ = {
			isa = PBXTargetDependency;
			target = F27D6ED2253065FE000B7FCC /* FactsDemo_InfyApp */;
			targetProxy = F27D6EEA25306608000B7FCC /* PBXContainerItemProxy */;
		};
/* End PBXTargetDependency section */

/* Begin PBXVariantGroup section */
		F27D6EE125306607000B7FCC /* LaunchScreen.storyboard */ = {
			isa = PBXVariantGroup;
			children = (
				F27D6EE225306607000B7FCC /* Base */,
			);
			name = LaunchScreen.storyboard;
			sourceTree = "<group>";
		};
/* End PBXVariantGroup section */

/* Begin XCBuildConfiguration section */
		F27D6EF025306608000B7FCC /* Debug */ = {
			isa = XCBuildConfiguration;
			buildSettings = {
				ALWAYS_SEARCH_USER_PATHS = NO;
				CLANG_ANALYZER_NONNULL = YES;
				CLANG_ANALYZER_NUMBER_OBJECT_CONVERSION = YES_AGGRESSIVE;
				CLANG_CXX_LANGUAGE_STANDARD = "gnu++14";
				CLANG_CXX_LIBRARY = "libc++";
				CLANG_ENABLE_MODULES = YES;
				CLANG_ENABLE_OBJC_ARC = YES;
				CLANG_ENABLE_OBJC_WEAK = YES;
				CLANG_WARN_BLOCK_CAPTURE_AUTORELEASING = YES;
				CLANG_WARN_BOOL_CONVERSION = YES;
				CLANG_WARN_COMMA = YES;
				CLANG_WARN_CONSTANT_CONVERSION = YES;
				CLANG_WARN_DEPRECATED_OBJC_IMPLEMENTATIONS = YES;
				CLANG_WARN_DIRECT_OBJC_ISA_USAGE = YES_ERROR;
				CLANG_WARN_DOCUMENTATION_COMMENTS = YES;
				CLANG_WARN_EMPTY_BODY = YES;
				CLANG_WARN_ENUM_CONVERSION = YES;
				CLANG_WARN_INFINITE_RECURSION = YES;
				CLANG_WARN_INT_CONVERSION = YES;
				CLANG_WARN_NON_LITERAL_NULL_CONVERSION = YES;
				CLANG_WARN_OBJC_IMPLICIT_RETAIN_SELF = YES;
				CLANG_WARN_OBJC_LITERAL_CONVERSION = YES;
				CLANG_WARN_OBJC_ROOT_CLASS = YES_ERROR;
				CLANG_WARN_RANGE_LOOP_ANALYSIS = YES;
				CLANG_WARN_STRICT_PROTOTYPES = YES;
				CLANG_WARN_SUSPICIOUS_MOVE = YES;
				CLANG_WARN_UNGUARDED_AVAILABILITY = YES_AGGRESSIVE;
				CLANG_WARN_UNREACHABLE_CODE = YES;
				CLANG_WARN__DUPLICATE_METHOD_MATCH = YES;
				COPY_PHASE_STRIP = NO;
				DEBUG_INFORMATION_FORMAT = dwarf;
				ENABLE_STRICT_OBJC_MSGSEND = YES;
				ENABLE_TESTABILITY = YES;
				GCC_C_LANGUAGE_STANDARD = gnu11;
				GCC_DYNAMIC_NO_PIC = NO;
				GCC_NO_COMMON_BLOCKS = YES;
				GCC_OPTIMIZATION_LEVEL = 0;
				GCC_PREPROCESSOR_DEFINITIONS = (
					"DEBUG=1",
					"$(inherited)",
				);
				GCC_WARN_64_TO_32_BIT_CONVERSION = YES;
				GCC_WARN_ABOUT_RETURN_TYPE = YES_ERROR;
				GCC_WARN_UNDECLARED_SELECTOR = YES;
				GCC_WARN_UNINITIALIZED_AUTOS = YES_AGGRESSIVE;
				GCC_WARN_UNUSED_FUNCTION = YES;
				GCC_WARN_UNUSED_VARIABLE = YES;
				IPHONEOS_DEPLOYMENT_TARGET = 13.5;
				MTL_ENABLE_DEBUG_INFO = INCLUDE_SOURCE;
				MTL_FAST_MATH = YES;
				ONLY_ACTIVE_ARCH = YES;
				SDKROOT = iphoneos;
				SWIFT_ACTIVE_COMPILATION_CONDITIONS = DEBUG;
				SWIFT_OPTIMIZATION_LEVEL = "-Onone";
			};
			name = Debug;
		};
		F27D6EF125306608000B7FCC /* Release */ = {
			isa = XCBuildConfiguration;
			buildSettings = {
				ALWAYS_SEARCH_USER_PATHS = NO;
				CLANG_ANALYZER_NONNULL = YES;
				CLANG_ANALYZER_NUMBER_OBJECT_CONVERSION = YES_AGGRESSIVE;
				CLANG_CXX_LANGUAGE_STANDARD = "gnu++14";
				CLANG_CXX_LIBRARY = "libc++";
				CLANG_ENABLE_MODULES = YES;
				CLANG_ENABLE_OBJC_ARC = YES;
				CLANG_ENABLE_OBJC_WEAK = YES;
				CLANG_WARN_BLOCK_CAPTURE_AUTORELEASING = YES;
				CLANG_WARN_BOOL_CONVERSION = YES;
				CLANG_WARN_COMMA = YES;
				CLANG_WARN_CONSTANT_CONVERSION = YES;
				CLANG_WARN_DEPRECATED_OBJC_IMPLEMENTATIONS = YES;
				CLANG_WARN_DIRECT_OBJC_ISA_USAGE = YES_ERROR;
				CLANG_WARN_DOCUMENTATION_COMMENTS = YES;
				CLANG_WARN_EMPTY_BODY = YES;
				CLANG_WARN_ENUM_CONVERSION = YES;
				CLANG_WARN_INFINITE_RECURSION = YES;
				CLANG_WARN_INT_CONVERSION = YES;
				CLANG_WARN_NON_LITERAL_NULL_CONVERSION = YES;
				CLANG_WARN_OBJC_IMPLICIT_RETAIN_SELF = YES;
				CLANG_WARN_OBJC_LITERAL_CONVERSION = YES;
				CLANG_WARN_OBJC_ROOT_CLASS = YES_ERROR;
				CLANG_WARN_RANGE_LOOP_ANALYSIS = YES;
				CLANG_WARN_STRICT_PROTOTYPES = YES;
				CLANG_WARN_SUSPICIOUS_MOVE = YES;
				CLANG_WARN_UNGUARDED_AVAILABILITY = YES_AGGRESSIVE;
				CLANG_WARN_UNREACHABLE_CODE = YES;
				CLANG_WARN__DUPLICATE_METHOD_MATCH = YES;
				COPY_PHASE_STRIP = NO;
				DEBUG_INFORMATION_FORMAT = "dwarf-with-dsym";
				ENABLE_NS_ASSERTIONS = NO;
				ENABLE_STRICT_OBJC_MSGSEND = YES;
				GCC_C_LANGUAGE_STANDARD = gnu11;
				GCC_NO_COMMON_BLOCKS = YES;
				GCC_WARN_64_TO_32_BIT_CONVERSION = YES;
				GCC_WARN_ABOUT_RETURN_TYPE = YES_ERROR;
				GCC_WARN_UNDECLARED_SELECTOR = YES;
				GCC_WARN_UNINITIALIZED_AUTOS = YES_AGGRESSIVE;
				GCC_WARN_UNUSED_FUNCTION = YES;
				GCC_WARN_UNUSED_VARIABLE = YES;
				IPHONEOS_DEPLOYMENT_TARGET = 13.5;
				MTL_ENABLE_DEBUG_INFO = NO;
				MTL_FAST_MATH = YES;
				SDKROOT = iphoneos;
				SWIFT_COMPILATION_MODE = wholemodule;
				SWIFT_OPTIMIZATION_LEVEL = "-O";
				VALIDATE_PRODUCT = YES;
			};
			name = Release;
		};
		F27D6EF325306608000B7FCC /* Debug */ = {
			isa = XCBuildConfiguration;
			buildSettings = {
				ASSETCATALOG_COMPILER_APPICON_NAME = AppIcon;
				CODE_SIGN_STYLE = Automatic;
				DEVELOPMENT_TEAM = 47EDMSTDFS;
				INFOPLIST_FILE = FactsDemo_InfyApp/Info.plist;
				LD_RUNPATH_SEARCH_PATHS = (
					"$(inherited)",
					"@executable_path/Frameworks",
				);
				PRODUCT_BUNDLE_IDENTIFIER = "FactsDemo-InfyApp.FactsDemo-InfyApp";
				PRODUCT_NAME = "Facts App";
				SWIFT_VERSION = 5.0;
				TARGETED_DEVICE_FAMILY = "1,2";
			};
			name = Debug;
		};
		F27D6EF425306608000B7FCC /* Release */ = {
			isa = XCBuildConfiguration;
			buildSettings = {
				ASSETCATALOG_COMPILER_APPICON_NAME = AppIcon;
				CODE_SIGN_STYLE = Automatic;
				DEVELOPMENT_TEAM = 47EDMSTDFS;
				INFOPLIST_FILE = FactsDemo_InfyApp/Info.plist;
				LD_RUNPATH_SEARCH_PATHS = (
					"$(inherited)",
					"@executable_path/Frameworks",
				);
				PRODUCT_BUNDLE_IDENTIFIER = "FactsDemo-InfyApp.FactsDemo-InfyApp";
				PRODUCT_NAME = "Facts App";
				SWIFT_VERSION = 5.0;
				TARGETED_DEVICE_FAMILY = "1,2";
			};
			name = Release;
		};
		F27D6EF625306608000B7FCC /* Debug */ = {
			isa = XCBuildConfiguration;
			buildSettings = {
				ALWAYS_EMBED_SWIFT_STANDARD_LIBRARIES = YES;
				BUNDLE_LOADER = "$(TEST_HOST)";
				CODE_SIGN_STYLE = Automatic;
				DEVELOPMENT_TEAM = 47EDMSTDFS;
				INFOPLIST_FILE = FactsDemo_InfyAppTests/Info.plist;
				IPHONEOS_DEPLOYMENT_TARGET = 13.5;
				LD_RUNPATH_SEARCH_PATHS = (
					"$(inherited)",
					"@executable_path/Frameworks",
					"@loader_path/Frameworks",
				);
				PRODUCT_BUNDLE_IDENTIFIER = "FactsDemo-InfyApp.FactsDemo-InfyAppTests";
				PRODUCT_NAME = "$(TARGET_NAME)";
				SWIFT_VERSION = 5.0;
				TARGETED_DEVICE_FAMILY = "1,2";
				TEST_HOST = "$(BUILT_PRODUCTS_DIR)/FactsDemo_InfyApp.app/FactsDemo_InfyApp";
			};
			name = Debug;
		};
		F27D6EF725306608000B7FCC /* Release */ = {
			isa = XCBuildConfiguration;
			buildSettings = {
				ALWAYS_EMBED_SWIFT_STANDARD_LIBRARIES = YES;
				BUNDLE_LOADER = "$(TEST_HOST)";
				CODE_SIGN_STYLE = Automatic;
				DEVELOPMENT_TEAM = 47EDMSTDFS;
				INFOPLIST_FILE = FactsDemo_InfyAppTests/Info.plist;
				IPHONEOS_DEPLOYMENT_TARGET = 13.5;
				LD_RUNPATH_SEARCH_PATHS = (
					"$(inherited)",
					"@executable_path/Frameworks",
					"@loader_path/Frameworks",
				);
				PRODUCT_BUNDLE_IDENTIFIER = "FactsDemo-InfyApp.FactsDemo-InfyAppTests";
				PRODUCT_NAME = "$(TARGET_NAME)";
				SWIFT_VERSION = 5.0;
				TARGETED_DEVICE_FAMILY = "1,2";
				TEST_HOST = "$(BUILT_PRODUCTS_DIR)/FactsDemo_InfyApp.app/FactsDemo_InfyApp";
			};
			name = Release;
		};
/* End XCBuildConfiguration section */

/* Begin XCConfigurationList section */
		F27D6ECE253065FE000B7FCC /* Build configuration list for PBXProject "FactsDemo_InfyApp" */ = {
			isa = XCConfigurationList;
			buildConfigurations = (
				F27D6EF025306608000B7FCC /* Debug */,
				F27D6EF125306608000B7FCC /* Release */,
			);
			defaultConfigurationIsVisible = 0;
			defaultConfigurationName = Release;
		};
		F27D6EF225306608000B7FCC /* Build configuration list for PBXNativeTarget "FactsDemo_InfyApp" */ = {
			isa = XCConfigurationList;
			buildConfigurations = (
				F27D6EF325306608000B7FCC /* Debug */,
				F27D6EF425306608000B7FCC /* Release */,
			);
			defaultConfigurationIsVisible = 0;
			defaultConfigurationName = Release;
		};
		F27D6EF525306608000B7FCC /* Build configuration list for PBXNativeTarget "FactsDemo_InfyAppTests" */ = {
			isa = XCConfigurationList;
			buildConfigurations = (
				F27D6EF625306608000B7FCC /* Debug */,
				F27D6EF725306608000B7FCC /* Release */,
			);
			defaultConfigurationIsVisible = 0;
			defaultConfigurationName = Release;
		};
/* End XCConfigurationList section */
	};
	rootObject = F27D6ECB253065FE000B7FCC /* Project object */;
}
